// !$*UTF8*$!
{
	archiveVersion = 1;
	classes = {
	};
	objectVersion = 48;
	objects = {

/* Begin PBXBuildFile section */
		19A165471F8B54BF00002AB3 /* ByersHouse.cpp in Sources */ = {isa = PBXBuildFile; fileRef = 19A165451F8B54BF00002AB3 /* ByersHouse.cpp */; };
		19A1654B1F8B560800002AB3 /* World.cpp in Sources */ = {isa = PBXBuildFile; fileRef = 19A165491F8B560800002AB3 /* World.cpp */; };
		19DC135F1F7BFF2600E154FC /* main.cpp in Sources */ = {isa = PBXBuildFile; fileRef = 19DC135E1F7BFF2600E154FC /* main.cpp */; };
		19DC136A1F7C023E00E154FC /* Move.cpp in Sources */ = {isa = PBXBuildFile; fileRef = 19DC13681F7C023E00E154FC /* Move.cpp */; };
		19DC136D1F7C068700E154FC /* Command.cpp in Sources */ = {isa = PBXBuildFile; fileRef = 19DC136B1F7C068700E154FC /* Command.cpp */; };
		19DC13701F7C111B00E154FC /* Help.cpp in Sources */ = {isa = PBXBuildFile; fileRef = 19DC136E1F7C111B00E154FC /* Help.cpp */; };
		19DC13731F7C127600E154FC /* Input.cpp in Sources */ = {isa = PBXBuildFile; fileRef = 19DC13711F7C127600E154FC /* Input.cpp */; };
/* End PBXBuildFile section */

/* Begin PBXCopyFilesBuildPhase section */
		19DC13591F7BFF2600E154FC /* CopyFiles */ = {
			isa = PBXCopyFilesBuildPhase;
			buildActionMask = 2147483647;
			dstPath = /usr/share/man/man1/;
			dstSubfolderSpec = 0;
			files = (
			);
			runOnlyForDeploymentPostprocessing = 1;
		};
/* End PBXCopyFilesBuildPhase section */

/* Begin PBXFileReference section */
		19A165451F8B54BF00002AB3 /* ByersHouse.cpp */ = {isa = PBXFileReference; lastKnownFileType = sourcecode.cpp.cpp; path = ByersHouse.cpp; sourceTree = "<group>"; };
		19A165461F8B54BF00002AB3 /* ByersHouse.hpp */ = {isa = PBXFileReference; lastKnownFileType = sourcecode.cpp.h; path = ByersHouse.hpp; sourceTree = "<group>"; };
		19A165481F8B554800002AB3 /* Headers.h */ = {isa = PBXFileReference; lastKnownFileType = sourcecode.c.h; path = Headers.h; sourceTree = "<group>"; };
		19A165491F8B560800002AB3 /* World.cpp */ = {isa = PBXFileReference; lastKnownFileType = sourcecode.cpp.cpp; path = World.cpp; sourceTree = "<group>"; };
		19A1654A1F8B560800002AB3 /* World.hpp */ = {isa = PBXFileReference; lastKnownFileType = sourcecode.cpp.h; path = World.hpp; sourceTree = "<group>"; };
		19DC135B1F7BFF2600E154FC /* Zork */ = {isa = PBXFileReference; explicitFileType = "compiled.mach-o.executable"; includeInIndex = 0; path = Zork; sourceTree = BUILT_PRODUCTS_DIR; };
		19DC135E1F7BFF2600E154FC /* main.cpp */ = {isa = PBXFileReference; lastKnownFileType = sourcecode.cpp.cpp; path = main.cpp; sourceTree = "<group>"; };
		19DC13681F7C023E00E154FC /* Move.cpp */ = {isa = PBXFileReference; lastKnownFileType = sourcecode.cpp.cpp; path = Move.cpp; sourceTree = "<group>"; };
		19DC13691F7C023E00E154FC /* Move.hpp */ = {isa = PBXFileReference; lastKnownFileType = sourcecode.cpp.h; path = Move.hpp; sourceTree = "<group>"; };
		19DC136B1F7C068700E154FC /* Command.cpp */ = {isa = PBXFileReference; lastKnownFileType = sourcecode.cpp.cpp; path = Command.cpp; sourceTree = "<group>"; };
		19DC136C1F7C068700E154FC /* Command.hpp */ = {isa = PBXFileReference; lastKnownFileType = sourcecode.cpp.h; path = Command.hpp; sourceTree = "<group>"; };
		19DC136E1F7C111B00E154FC /* Help.cpp */ = {isa = PBXFileReference; lastKnownFileType = sourcecode.cpp.cpp; path = Help.cpp; sourceTree = "<group>"; };
		19DC136F1F7C111B00E154FC /* Help.hpp */ = {isa = PBXFileReference; lastKnownFileType = sourcecode.cpp.h; path = Help.hpp; sourceTree = "<group>"; };
		19DC13711F7C127600E154FC /* Input.cpp */ = {isa = PBXFileReference; lastKnownFileType = sourcecode.cpp.cpp; path = Input.cpp; sourceTree = "<group>"; };
		19DC13721F7C127600E154FC /* Input.hpp */ = {isa = PBXFileReference; lastKnownFileType = sourcecode.cpp.h; path = Input.hpp; sourceTree = "<group>"; };
/* End PBXFileReference section */

/* Begin PBXFrameworksBuildPhase section */
		19DC13581F7BFF2600E154FC /* Frameworks */ = {
			isa = PBXFrameworksBuildPhase;
			buildActionMask = 2147483647;
			files = (
			);
			runOnlyForDeploymentPostprocessing = 0;
		};
/* End PBXFrameworksBuildPhase section */

/* Begin PBXGroup section */
		19A165401F8B4FF800002AB3 /* Commands */ = {
			isa = PBXGroup;
			children = (
				19A165481F8B554800002AB3 /* Headers.h */,
				19DC13681F7C023E00E154FC /* Move.cpp */,
				19DC13691F7C023E00E154FC /* Move.hpp */,
				19DC136E1F7C111B00E154FC /* Help.cpp */,
				19DC136F1F7C111B00E154FC /* Help.hpp */,
				19DC136B1F7C068700E154FC /* Command.cpp */,
				19DC136C1F7C068700E154FC /* Command.hpp */,
			);
			path = Commands;
			sourceTree = "<group>";
		};
		19A165411F8B523600002AB3 /* World Descriptors&Objs */ = {
			isa = PBXGroup;
			children = (
				19A165491F8B560800002AB3 /* World.cpp */,
				19A1654A1F8B560800002AB3 /* World.hpp */,
				19A165451F8B54BF00002AB3 /* ByersHouse.cpp */,
				19A165461F8B54BF00002AB3 /* ByersHouse.hpp */,
			);
			path = "World Descriptors&Objs";
			sourceTree = "<group>";
		};
		19A1654C1F8B574800002AB3 /* Charachters */ = {
			isa = PBXGroup;
			children = (
			);
			path = Charachters;
			sourceTree = "<group>";
		};
		19DC13521F7BFF2600E154FC = {
			isa = PBXGroup;
			children = (
				19DC135D1F7BFF2600E154FC /* Zork */,
				19DC135C1F7BFF2600E154FC /* Products */,
			);
			sourceTree = "<group>";
		};
		19DC135C1F7BFF2600E154FC /* Products */ = {
			isa = PBXGroup;
			children = (
				19DC135B1F7BFF2600E154FC /* Zork */,
			);
			name = Products;
			sourceTree = "<group>";
		};
		19DC135D1F7BFF2600E154FC /* Zork */ = {
			isa = PBXGroup;
			children = (
				19A1654C1F8B574800002AB3 /* Charachters */,
				19A165411F8B523600002AB3 /* World Descriptors&Objs */,
				19A165401F8B4FF800002AB3 /* Commands */,
				19DC13711F7C127600E154FC /* Input.cpp */,
				19DC13721F7C127600E154FC /* Input.hpp */,
				19DC135E1F7BFF2600E154FC /* main.cpp */,
			);
			path = Zork;
			sourceTree = "<group>";
		};
/* End PBXGroup section */

/* Begin PBXNativeTarget section */
		19DC135A1F7BFF2600E154FC /* Zork */ = {
			isa = PBXNativeTarget;
			buildConfigurationList = 19DC13621F7BFF2600E154FC /* Build configuration list for PBXNativeTarget "Zork" */;
			buildPhases = (
				19DC13571F7BFF2600E154FC /* Sources */,
				19DC13581F7BFF2600E154FC /* Frameworks */,
				19DC13591F7BFF2600E154FC /* CopyFiles */,
			);
			buildRules = (
			);
			dependencies = (
			);
			name = Zork;
			productName = Zork;
			productReference = 19DC135B1F7BFF2600E154FC /* Zork */;
			productType = "com.apple.product-type.tool";
		};
/* End PBXNativeTarget section */

/* Begin PBXProject section */
		19DC13531F7BFF2600E154FC /* Project object */ = {
			isa = PBXProject;
			attributes = {
				LastUpgradeCheck = 0900;
				ORGANIZATIONNAME = "James Weber";
				TargetAttributes = {
					19DC135A1F7BFF2600E154FC = {
						CreatedOnToolsVersion = 9.0;
						ProvisioningStyle = Automatic;
					};
				};
			};
			buildConfigurationList = 19DC13561F7BFF2600E154FC /* Build configuration list for PBXProject "Zork" */;
			compatibilityVersion = "Xcode 8.0";
			developmentRegion = en;
			hasScannedForEncodings = 0;
			knownRegions = (
				en,
			);
			mainGroup = 19DC13521F7BFF2600E154FC;
			productRefGroup = 19DC135C1F7BFF2600E154FC /* Products */;
			projectDirPath = "";
			projectRoot = "";
			targets = (
				19DC135A1F7BFF2600E154FC /* Zork */,
			);
		};
/* End PBXProject section */

/* Begin PBXSourcesBuildPhase section */
		19DC13571F7BFF2600E154FC /* Sources */ = {
			isa = PBXSourcesBuildPhase;
			buildActionMask = 2147483647;
			files = (
				19A165471F8B54BF00002AB3 /* ByersHouse.cpp in Sources */,
				19A1654B1F8B560800002AB3 /* World.cpp in Sources */,
				19DC136A1F7C023E00E154FC /* Move.cpp in Sources */,
				19DC136D1F7C068700E154FC /* Command.cpp in Sources */,
				19DC13701F7C111B00E154FC /* Help.cpp in Sources */,
				19DC135F1F7BFF2600E154FC /* main.cpp in Sources */,
				19DC13731F7C127600E154FC /* Input.cpp in Sources */,
			);
			runOnlyForDeploymentPostprocessing = 0;
		};
/* End PBXSourcesBuildPhase section */

/* Begin XCBuildConfiguration section */
		19DC13601F7BFF2600E154FC /* Debug */ = {
			isa = XCBuildConfiguration;
			buildSettings = {
				ALWAYS_SEARCH_USER_PATHS = NO;
				CLANG_ANALYZER_NONNULL = YES;
				CLANG_ANALYZER_NUMBER_OBJECT_CONVERSION = YES_AGGRESSIVE;
				CLANG_CXX_LANGUAGE_STANDARD = "gnu++14";
				CLANG_CXX_LIBRARY = "libc++";
				CLANG_ENABLE_MODULES = YES;
				CLANG_ENABLE_OBJC_ARC = YES;
				CLANG_WARN_BLOCK_CAPTURE_AUTORELEASING = YES;
				CLANG_WARN_BOOL_CONVERSION = YES;
				CLANG_WARN_COMMA = YES;
				CLANG_WARN_CONSTANT_CONVERSION = YES;
				CLANG_WARN_DIRECT_OBJC_ISA_USAGE = YES_ERROR;
				CLANG_WARN_DOCUMENTATION_COMMENTS = YES;
				CLANG_WARN_EMPTY_BODY = YES;
				CLANG_WARN_ENUM_CONVERSION = YES;
				CLANG_WARN_INFINITE_RECURSION = YES;
				CLANG_WARN_INT_CONVERSION = YES;
				CLANG_WARN_NON_LITERAL_NULL_CONVERSION = YES;
				CLANG_WARN_OBJC_LITERAL_CONVERSION = YES;
				CLANG_WARN_OBJC_ROOT_CLASS = YES_ERROR;
				CLANG_WARN_RANGE_LOOP_ANALYSIS = YES;
				CLANG_WARN_STRICT_PROTOTYPES = YES;
				CLANG_WARN_SUSPICIOUS_MOVE = YES;
				CLANG_WARN_UNGUARDED_AVAILABILITY = YES_AGGRESSIVE;
				CLANG_WARN_UNREACHABLE_CODE = YES;
				CLANG_WARN__DUPLICATE_METHOD_MATCH = YES;
				CODE_SIGN_IDENTITY = "-";
				COPY_PHASE_STRIP = NO;
				DEBUG_INFORMATION_FORMAT = dwarf;
				ENABLE_STRICT_OBJC_MSGSEND = YES;
				ENABLE_TESTABILITY = YES;
				GCC_C_LANGUAGE_STANDARD = gnu11;
				GCC_DYNAMIC_NO_PIC = NO;
				GCC_NO_COMMON_BLOCKS = YES;
				GCC_OPTIMIZATION_LEVEL = 0;
				GCC_PREPROCESSOR_DEFINITIONS = (
					"DEBUG=1",
					"$(inherited)",
				);
				GCC_WARN_64_TO_32_BIT_CONVERSION = YES;
				GCC_WARN_ABOUT_RETURN_TYPE = YES_ERROR;
				GCC_WARN_UNDECLARED_SELECTOR = YES;
				GCC_WARN_UNINITIALIZED_AUTOS = YES_AGGRESSIVE;
				GCC_WARN_UNUSED_FUNCTION = YES;
				GCC_WARN_UNUSED_VARIABLE = YES;
				MACOSX_DEPLOYMENT_TARGET = 10.13;
				MTL_ENABLE_DEBUG_INFO = YES;
				ONLY_ACTIVE_ARCH = YES;
				SDKROOT = macosx;
			};
			name = Debug;
		};
		19DC13611F7BFF2600E154FC /* Release */ = {
			isa = XCBuildConfiguration;
			buildSettings = {
				ALWAYS_SEARCH_USER_PATHS = NO;
				CLANG_ANALYZER_NONNULL = YES;
				CLANG_ANALYZER_NUMBER_OBJECT_CONVERSION = YES_AGGRESSIVE;
				CLANG_CXX_LANGUAGE_STANDARD = "gnu++14";
				CLANG_CXX_LIBRARY = "libc++";
				CLANG_ENABLE_MODULES = YES;
				CLANG_ENABLE_OBJC_ARC = YES;
				CLANG_WARN_BLOCK_CAPTURE_AUTORELEASING = YES;
				CLANG_WARN_BOOL_CONVERSION = YES;
				CLANG_WARN_COMMA = YES;
				CLANG_WARN_CONSTANT_CONVERSION = YES;
				CLANG_WARN_DIRECT_OBJC_ISA_USAGE = YES_ERROR;
				CLANG_WARN_DOCUMENTATION_COMMENTS = YES;
				CLANG_WARN_EMPTY_BODY = YES;
				CLANG_WARN_ENUM_CONVERSION = YES;
				CLANG_WARN_INFINITE_RECURSION = YES;
				CLANG_WARN_INT_CONVERSION = YES;
				CLANG_WARN_NON_LITERAL_NULL_CONVERSION = YES;
				CLANG_WARN_OBJC_LITERAL_CONVERSION = YES;
				CLANG_WARN_OBJC_ROOT_CLASS = YES_ERROR;
				CLANG_WARN_RANGE_LOOP_ANALYSIS = YES;
				CLANG_WARN_STRICT_PROTOTYPES = YES;
				CLANG_WARN_SUSPICIOUS_MOVE = YES;
				CLANG_WARN_UNGUARDED_AVAILABILITY = YES_AGGRESSIVE;
				CLANG_WARN_UNREACHABLE_CODE = YES;
				CLANG_WARN__DUPLICATE_METHOD_MATCH = YES;
				CODE_SIGN_IDENTITY = "-";
				COPY_PHASE_STRIP = NO;
				DEBUG_INFORMATION_FORMAT = "dwarf-with-dsym";
				ENABLE_NS_ASSERTIONS = NO;
				ENABLE_STRICT_OBJC_MSGSEND = YES;
				GCC_C_LANGUAGE_STANDARD = gnu11;
				GCC_NO_COMMON_BLOCKS = YES;
				GCC_WARN_64_TO_32_BIT_CONVERSION = YES;
				GCC_WARN_ABOUT_RETURN_TYPE = YES_ERROR;
				GCC_WARN_UNDECLARED_SELECTOR = YES;
				GCC_WARN_UNINITIALIZED_AUTOS = YES_AGGRESSIVE;
				GCC_WARN_UNUSED_FUNCTION = YES;
				GCC_WARN_UNUSED_VARIABLE = YES;
				MACOSX_DEPLOYMENT_TARGET = 10.13;
				MTL_ENABLE_DEBUG_INFO = NO;
				SDKROOT = macosx;
			};
			name = Release;
		};
		19DC13631F7BFF2600E154FC /* Debug */ = {
			isa = XCBuildConfiguration;
			buildSettings = {
				CODE_SIGN_STYLE = Automatic;
				PRODUCT_NAME = "$(TARGET_NAME)";
			};
			name = Debug;
		};
		19DC13641F7BFF2600E154FC /* Release */ = {
			isa = XCBuildConfiguration;
			buildSettings = {
				CODE_SIGN_STYLE = Automatic;
				PRODUCT_NAME = "$(TARGET_NAME)";
			};
			name = Release;
		};
/* End XCBuildConfiguration section */

/* Begin XCConfigurationList section */
		19DC13561F7BFF2600E154FC /* Build configuration list for PBXProject "Zork" */ = {
			isa = XCConfigurationList;
			buildConfigurations = (
				19DC13601F7BFF2600E154FC /* Debug */,
				19DC13611F7BFF2600E154FC /* Release */,
			);
			defaultConfigurationIsVisible = 0;
			defaultConfigurationName = Release;
		};
		19DC13621F7BFF2600E154FC /* Build configuration list for PBXNativeTarget "Zork" */ = {
			isa = XCConfigurationList;
			buildConfigurations = (
				19DC13631F7BFF2600E154FC /* Debug */,
				19DC13641F7BFF2600E154FC /* Release */,
			);
			defaultConfigurationIsVisible = 0;
			defaultConfigurationName = Release;
		};
/* End XCConfigurationList section */
	};
	rootObject = 19DC13531F7BFF2600E154FC /* Project object */;
}
